
Microsoft Visual Studio Solution File, Format Version 12.00
# Visual Studio 15
Project("{FAE04EC0-301F-11D3-BF4B-00C04F79EFBC}") = "Assembly-CSharp", "Assembly-CSharp.csproj", "{0AF7AA42-688B-143B-17EE-E9C8DADDD357}"
EndProject
Project("{FAE04EC0-301F-11D3-BF4B-00C04F79EFBC}") = "Assembly-CSharp-Editor", "Assembly-CSharp-Editor.csproj", "{597329E6-8126-9523-99AC-FEB6969D40B0}"
EndProject
Global
	GlobalSection(SolutionConfigurationPlatforms) = preSolution
		Debug|Any CPU = Debug|Any CPU
		Release|Any CPU = Release|Any CPU
	EndGlobalSection
	GlobalSection(ProjectConfigurationPlatforms) = postSolution
		{0AF7AA42-688B-143B-17EE-E9C8DADDD357}.Debug|Any CPU.ActiveCfg = Debug|Any CPU
		{0AF7AA42-688B-143B-17EE-E9C8DADDD357}.Debug|Any CPU.Build.0 = Debug|Any CPU
		{0AF7AA42-688B-143B-17EE-E9C8DADDD357}.Release|Any CPU.ActiveCfg = Release|Any CPU
		{0AF7AA42-688B-143B-17EE-E9C8DADDD357}.Release|Any CPU.Build.0 = Release|Any CPU
		{597329E6-8126-9523-99AC-FEB6969D40B0}.Debug|Any CPU.ActiveCfg = Debug|Any CPU
		{597329E6-8126-9523-99AC-FEB6969D40B0}.Debug|Any CPU.Build.0 = Debug|Any CPU
		{597329E6-8126-9523-99AC-FEB6969D40B0}.Release|Any CPU.ActiveCfg = Release|Any CPU
		{597329E6-8126-9523-99AC-FEB6969D40B0}.Release|Any CPU.Build.0 = Release|Any CPU
	EndGlobalSection
	GlobalSection(SolutionProperties) = preSolution
		HideSolutionNode = FALSE
	EndGlobalSection
EndGlobal
